
Microsoft Visual Studio Solution File, Format Version 12.00
# Visual Studio Version 17
VisualStudioVersion = 17.0.32002.185
MinimumVisualStudioVersion = 10.0.40219.1
Project("{FAE04EC0-301F-11D3-BF4B-00C04F79EFBC}") = "CoreDemo", "CoreDemo.csproj", "{4B308D16-53C6-4A7C-B0B7-F06D6EA99AED}"
EndProject
Project("{FAE04EC0-301F-11D3-BF4B-00C04F79EFBC}") = "EntityLayer", "..\EntityLayer\EntityLayer.csproj", "{0B067ECE-2E28-41FA-9741-A70C533F97C7}"
EndProject
Project("{FAE04EC0-301F-11D3-BF4B-00C04F79EFBC}") = "DataAccessLayer", "..\DataAccessLayer\DataAccessLayer.csproj", "{363D4E16-9C6E-4895-8A2D-32BCE757691C}"
EndProject
Project("{FAE04EC0-301F-11D3-BF4B-00C04F79EFBC}") = "BusinessLayer", "..\BusinessLayer\BusinessLayer.csproj", "{67F2EAC8-70D9-4782-85CA-02C1D1C9FD6E}"
EndProject
Project("{FAE04EC0-301F-11D3-BF4B-00C04F79EFBC}") = "CoreLayer", "..\CoreLayer\CoreLayer.csproj", "{E3F99D68-4EF5-453F-8193-BC1FC0C9494A}"
EndProject
Global
	GlobalSection(SolutionConfigurationPlatforms) = preSolution
		Debug|Any CPU = Debug|Any CPU
		Release|Any CPU = Release|Any CPU
	EndGlobalSection
	GlobalSection(ProjectConfigurationPlatforms) = postSolution
		{4B308D16-53C6-4A7C-B0B7-F06D6EA99AED}.Debug|Any CPU.ActiveCfg = Debug|Any CPU
		{4B308D16-53C6-4A7C-B0B7-F06D6EA99AED}.Debug|Any CPU.Build.0 = Debug|Any CPU
		{4B308D16-53C6-4A7C-B0B7-F06D6EA99AED}.Release|Any CPU.ActiveCfg = Release|Any CPU
		{4B308D16-53C6-4A7C-B0B7-F06D6EA99AED}.Release|Any CPU.Build.0 = Release|Any CPU
		{0B067ECE-2E28-41FA-9741-A70C533F97C7}.Debug|Any CPU.ActiveCfg = Debug|Any CPU
		{0B067ECE-2E28-41FA-9741-A70C533F97C7}.Debug|Any CPU.Build.0 = Debug|Any CPU
		{0B067ECE-2E28-41FA-9741-A70C533F97C7}.Release|Any CPU.ActiveCfg = Release|Any CPU
		{0B067ECE-2E28-41FA-9741-A70C533F97C7}.Release|Any CPU.Build.0 = Release|Any CPU
		{363D4E16-9C6E-4895-8A2D-32BCE757691C}.Debug|Any CPU.ActiveCfg = Debug|Any CPU
		{363D4E16-9C6E-4895-8A2D-32BCE757691C}.Debug|Any CPU.Build.0 = Debug|Any CPU
		{363D4E16-9C6E-4895-8A2D-32BCE757691C}.Release|Any CPU.ActiveCfg = Release|Any CPU
		{363D4E16-9C6E-4895-8A2D-32BCE757691C}.Release|Any CPU.Build.0 = Release|Any CPU
		{67F2EAC8-70D9-4782-85CA-02C1D1C9FD6E}.Debug|Any CPU.ActiveCfg = Debug|Any CPU
		{67F2EAC8-70D9-4782-85CA-02C1D1C9FD6E}.Debug|Any CPU.Build.0 = Debug|Any CPU
		{67F2EAC8-70D9-4782-85CA-02C1D1C9FD6E}.Release|Any CPU.ActiveCfg = Release|Any CPU
		{67F2EAC8-70D9-4782-85CA-02C1D1C9FD6E}.Release|Any CPU.Build.0 = Release|Any CPU
		{E3F99D68-4EF5-453F-8193-BC1FC0C9494A}.Debug|Any CPU.ActiveCfg = Debug|Any CPU
		{E3F99D68-4EF5-453F-8193-BC1FC0C9494A}.Debug|Any CPU.Build.0 = Debug|Any CPU
		{E3F99D68-4EF5-453F-8193-BC1FC0C9494A}.Release|Any CPU.ActiveCfg = Release|Any CPU
		{E3F99D68-4EF5-453F-8193-BC1FC0C9494A}.Release|Any CPU.Build.0 = Release|Any CPU
	EndGlobalSection
	GlobalSection(SolutionProperties) = preSolution
		HideSolutionNode = FALSE
	EndGlobalSection
	GlobalSection(ExtensibilityGlobals) = postSolution
		SolutionGuid = {788648B5-8220-404D-B8E0-CDF827D7A556}
	EndGlobalSection
EndGlobal
